
Microsoft Visual Studio Solution File, Format Version 12.00
# Visual Studio Version 17
VisualStudioVersion = 17.8.34330.188
MinimumVisualStudioVersion = 10.0.40219.1
Project("{FAE04EC0-301F-11D3-BF4B-00C04F79EFBC}") = "FortuneBotApp", "FortuneBotApp\FortuneBotApp.csproj", "{87EC398F-FFC4-4BB0-B7A6-61CFA27B3432}"
EndProject
Global
	GlobalSection(SolutionConfigurationPlatforms) = preSolution
		Debug|Any CPU = Debug|Any CPU
		Release|Any CPU = Release|Any CPU
	EndGlobalSection
	GlobalSection(ProjectConfigurationPlatforms) = postSolution
		{87EC398F-FFC4-4BB0-B7A6-61CFA27B3432}.Debug|Any CPU.ActiveCfg = Debug|Any CPU
		{87EC398F-FFC4-4BB0-B7A6-61CFA27B3432}.Debug|Any CPU.Build.0 = Debug|Any CPU
		{87EC398F-FFC4-4BB0-B7A6-61CFA27B3432}.Release|Any CPU.ActiveCfg = Release|Any CPU
		{87EC398F-FFC4-4BB0-B7A6-61CFA27B3432}.Release|Any CPU.Build.0 = Release|Any CPU
	EndGlobalSection
	GlobalSection(SolutionProperties) = preSolution
		HideSolutionNode = FALSE
	EndGlobalSection
	GlobalSection(ExtensibilityGlobals) = postSolution
		SolutionGuid = {28089284-57E4-4F12-A1E4-D2E1478311D3}
	EndGlobalSection
EndGlobal
